[[package]]
name = "anyio"
version = "3.6.2"
description = "High level compatibility layer for multiple asynchronous event loop implementations"
category = "main"
optional = false
python-versions = ">=3.6.2"

[package.dependencies]
idna = ">=2.8"
sniffio = ">=1.1"

[package.extras]
doc = ["packaging", "sphinx-autodoc-typehints (>=1.2.0)", "sphinx-rtd-theme"]
test = ["contextlib2", "coverage[toml] (>=4.5)", "hypothesis (>=4.0)", "mock (>=4)", "pytest (>=7.0)", "pytest-mock (>=3.6.1)", "trustme", "uvloop (<0.15)", "uvloop (>=0.15)"]
trio = ["trio (>=0.16,<0.22)"]

[[package]]
name = "black"
version = "22.10.0"
description = "The uncompromising code formatter."
category = "dev"
optional = false
python-versions = ">=3.7"

[package.dependencies]
click = ">=8.0.0"
mypy-extensions = ">=0.4.3"
pathspec = ">=0.9.0"
platformdirs = ">=2"
tomli = {version = ">=1.1.0", markers = "python_full_version < \"3.11.0a7\""}
typing-extensions = {version = ">=3.10.0.0", markers = "python_version < \"3.10\""}

[package.extras]
colorama = ["colorama (>=0.4.3)"]
d = ["aiohttp (>=3.7.4)"]
jupyter = ["ipython (>=7.8.0)", "tokenize-rt (>=3.2.0)"]
uvloop = ["uvloop (>=0.15.2)"]

[[package]]
name = "click"
version = "8.1.3"
description = "Composable command line interface toolkit"
category = "main"
optional = false
python-versions = ">=3.7"

[package.dependencies]
colorama = {version = "*", markers = "platform_system == \"Windows\""}

[[package]]
name = "clickhouse-driver"
version = "0.2.4"
description = "Python driver with native interface for ClickHouse"
category = "dev"
optional = false
python-versions = ">=3.4, <4"

[package.dependencies]
pytz = "*"
tzlocal = "*"

[package.extras]
lz4 = ["clickhouse-cityhash (>=1.0.2.1)", "lz4", "lz4 (<=3.0.1)"]
numpy = ["numpy (>=1.12.0)", "pandas (>=0.24.0)"]
zstd = ["clickhouse-cityhash (>=1.0.2.1)", "zstd"]

[[package]]
name = "colorama"
version = "0.4.6"
description = "Cross-platform colored terminal text."
category = "main"
optional = false
python-versions = "!=3.0.*,!=3.1.*,!=3.2.*,!=3.3.*,!=3.4.*,!=3.5.*,!=3.6.*,>=2.7"

[[package]]
name = "fastapi"
version = "0.85.1"
description = "FastAPI framework, high performance, easy to learn, fast to code, ready for production"
category = "main"
optional = false
python-versions = ">=3.7"

[package.dependencies]
pydantic = ">=1.6.2,<1.7 || >1.7,<1.7.1 || >1.7.1,<1.7.2 || >1.7.2,<1.7.3 || >1.7.3,<1.8 || >1.8,<1.8.1 || >1.8.1,<2.0.0"
starlette = "0.20.4"

[package.extras]
all = ["email-validator (>=1.1.1,<2.0.0)", "itsdangerous (>=1.1.0,<3.0.0)", "jinja2 (>=2.11.2,<4.0.0)", "orjson (>=3.2.1,<4.0.0)", "python-multipart (>=0.0.5,<0.0.6)", "pyyaml (>=5.3.1,<7.0.0)", "requests (>=2.24.0,<3.0.0)", "ujson (>=4.0.1,!=4.0.2,!=4.1.0,!=4.2.0,!=4.3.0,!=5.0.0,!=5.1.0,<6.0.0)", "uvicorn[standard] (>=0.12.0,<0.19.0)"]
dev = ["autoflake (>=1.4.0,<2.0.0)", "flake8 (>=3.8.3,<6.0.0)", "pre-commit (>=2.17.0,<3.0.0)", "uvicorn[standard] (>=0.12.0,<0.19.0)"]
doc = ["mdx-include (>=1.4.1,<2.0.0)", "mkdocs (>=1.1.2,<2.0.0)", "mkdocs-markdownextradata-plugin (>=0.1.7,<0.3.0)", "mkdocs-material (>=8.1.4,<9.0.0)", "pyyaml (>=5.3.1,<7.0.0)", "typer (>=0.4.1,<0.7.0)"]
test = ["anyio[trio] (>=3.2.1,<4.0.0)", "black (==22.8.0)", "databases[sqlite] (>=0.3.2,<0.7.0)", "email-validator (>=1.1.1,<2.0.0)", "flake8 (>=3.8.3,<6.0.0)", "flask (>=1.1.2,<3.0.0)", "httpx (>=0.23.0,<0.24.0)", "isort (>=5.0.6,<6.0.0)", "mypy (==0.971)", "orjson (>=3.2.1,<4.0.0)", "passlib[bcrypt] (>=1.7.2,<2.0.0)", "peewee (>=3.13.3,<4.0.0)", "pytest (>=7.1.3,<8.0.0)", "pytest-cov (>=2.12.0,<4.0.0)", "python-jose[cryptography] (>=3.3.0,<4.0.0)", "python-multipart (>=0.0.5,<0.0.6)", "pyyaml (>=5.3.1,<7.0.0)", "requests (>=2.24.0,<3.0.0)", "sqlalchemy (>=1.3.18,<1.5.0)", "types-orjson (==3.6.2)", "types-ujson (==5.4.0)", "ujson (>=4.0.1,!=4.0.2,!=4.1.0,!=4.2.0,!=4.3.0,!=5.0.0,!=5.1.0,<6.0.0)"]

[[package]]
name = "flake8"
version = "5.0.4"
description = "the modular source code checker: pep8 pyflakes and co"
category = "dev"
optional = false
python-versions = ">=3.6.1"

[package.dependencies]
mccabe = ">=0.7.0,<0.8.0"
pycodestyle = ">=2.9.0,<2.10.0"
pyflakes = ">=2.5.0,<2.6.0"

[[package]]
name = "gunicorn"
version = "20.1.0"
description = "WSGI HTTP Server for UNIX"
category = "main"
optional = false
python-versions = ">=3.5"

[package.dependencies]
setuptools = ">=3.0"

[package.extras]
eventlet = ["eventlet (>=0.24.1)"]
gevent = ["gevent (>=1.4.0)"]
setproctitle = ["setproctitle"]
tornado = ["tornado (>=0.2)"]

[[package]]
name = "h11"
version = "0.14.0"
description = "A pure-Python, bring-your-own-I/O implementation of HTTP/1.1"
category = "main"
optional = false
python-versions = ">=3.7"

[[package]]
name = "idna"
version = "3.4"
description = "Internationalized Domain Names in Applications (IDNA)"
category = "main"
optional = false
python-versions = ">=3.5"

[[package]]
name = "kafka-python"
version = "2.0.2"
description = "Pure Python client for Apache Kafka"
category = "main"
optional = false
python-versions = "*"

[package.extras]
crc32c = ["crc32c"]

[[package]]
name = "mccabe"
version = "0.7.0"
description = "McCabe checker, plugin for flake8"
category = "dev"
optional = false
python-versions = ">=3.6"

[[package]]
name = "mypy-extensions"
version = "0.4.3"
description = "Experimental type system extensions for programs checked with the mypy typechecker."
category = "dev"
optional = false
python-versions = "*"

[[package]]
name = "orjson"
version = "3.8.1"
description = "Fast, correct Python JSON library supporting dataclasses, datetimes, and numpy"
category = "main"
optional = false
python-versions = ">=3.7"

[[package]]
name = "pathspec"
version = "0.10.1"
description = "Utility library for gitignore style pattern matching of file paths."
category = "dev"
optional = false
python-versions = ">=3.7"

[[package]]
name = "platformdirs"
version = "2.5.2"
description = "A small Python module for determining appropriate platform-specific dirs, e.g. a \"user data dir\"."
category = "dev"
optional = false
python-versions = ">=3.7"

[package.extras]
docs = ["furo (>=2021.7.5b38)", "proselint (>=0.10.2)", "sphinx (>=4)", "sphinx-autodoc-typehints (>=1.12)"]
test = ["appdirs (==1.4.4)", "pytest (>=6)", "pytest-cov (>=2.7)", "pytest-mock (>=3.6)"]

[[package]]
name = "pycodestyle"
version = "2.9.1"
description = "Python style guide checker"
category = "dev"
optional = false
python-versions = ">=3.6"

[[package]]
name = "pydantic"
version = "1.10.2"
description = "Data validation and settings management using python type hints"
category = "main"
optional = false
python-versions = ">=3.7"

[package.dependencies]
typing-extensions = ">=4.1.0"

[package.extras]
dotenv = ["python-dotenv (>=0.10.4)"]
email = ["email-validator (>=1.0.3)"]

[[package]]
name = "pyflakes"
version = "2.5.0"
description = "passive checker of Python programs"
category = "dev"
optional = false
python-versions = ">=3.6"

[[package]]
name = "pytz"
version = "2022.5"
description = "World timezone definitions, modern and historical"
category = "dev"
optional = false
python-versions = "*"

[[package]]
name = "pytz-deprecation-shim"
version = "0.1.0.post0"
description = "Shims to make deprecation of pytz easier"
category = "dev"
optional = false
python-versions = "!=3.0.*,!=3.1.*,!=3.2.*,!=3.3.*,!=3.4.*,!=3.5.*,>=2.7"

[package.dependencies]
tzdata = {version = "*", markers = "python_version >= \"3.6\""}

[[package]]
name = "setuptools"
version = "65.5.0"
description = "Easily download, build, install, upgrade, and uninstall Python packages"
category = "main"
optional = false
python-versions = ">=3.7"

[package.extras]
docs = ["furo", "jaraco.packaging (>=9)", "jaraco.tidelift (>=1.4)", "pygments-github-lexers (==0.0.5)", "rst.linker (>=1.9)", "sphinx (>=3.5)", "sphinx-favicon", "sphinx-hoverxref (<2)", "sphinx-inline-tabs", "sphinx-notfound-page (==0.8.3)", "sphinx-reredirects", "sphinxcontrib-towncrier"]
testing = ["build[virtualenv]", "filelock (>=3.4.0)", "flake8 (<5)", "flake8-2020", "ini2toml[lite] (>=0.9)", "jaraco.envs (>=2.2)", "jaraco.path (>=3.2.0)", "mock", "pip (>=19.1)", "pip-run (>=8.8)", "pytest (>=6)", "pytest-black (>=0.3.7)", "pytest-checkdocs (>=2.4)", "pytest-cov", "pytest-enabler (>=1.3)", "pytest-flake8", "pytest-mypy (>=0.9.1)", "pytest-perf", "pytest-xdist", "tomli-w (>=1.0.0)", "virtualenv (>=13.0.0)", "wheel"]
testing-integration = ["build[virtualenv]", "filelock (>=3.4.0)", "jaraco.envs (>=2.2)", "jaraco.path (>=3.2.0)", "pytest", "pytest-enabler", "pytest-xdist", "tomli", "virtualenv (>=13.0.0)", "wheel"]

[[package]]
name = "sniffio"
version = "1.3.0"
description = "Sniff out which async library your code is running under"
category = "main"
optional = false
python-versions = ">=3.7"

[[package]]
name = "starlette"
version = "0.20.4"
description = "The little ASGI library that shines."
category = "main"
optional = false
python-versions = ">=3.7"

[package.dependencies]
anyio = ">=3.4.0,<5"
typing-extensions = {version = ">=3.10.0", markers = "python_version < \"3.10\""}

[package.extras]
full = ["itsdangerous", "jinja2", "python-multipart", "pyyaml", "requests"]

[[package]]
name = "tomli"
version = "2.0.1"
description = "A lil' TOML parser"
category = "dev"
optional = false
python-versions = ">=3.7"

[[package]]
name = "typing-extensions"
version = "4.4.0"
description = "Backported and Experimental Type Hints for Python 3.7+"
category = "main"
optional = false
python-versions = ">=3.7"

[[package]]
name = "tzdata"
version = "2022.5"
description = "Provider of IANA time zone data"
category = "dev"
optional = false
python-versions = ">=2"

[[package]]
name = "tzlocal"
version = "4.2"
description = "tzinfo object for the local timezone"
category = "dev"
optional = false
python-versions = ">=3.6"

[package.dependencies]
pytz-deprecation-shim = "*"
tzdata = {version = "*", markers = "platform_system == \"Windows\""}

[package.extras]
devenv = ["black", "pyroma", "pytest-cov", "zest.releaser"]
test = ["pytest (>=4.3)", "pytest-mock (>=3.3)"]

[[package]]
name = "uvicorn"
version = "0.19.0"
description = "The lightning-fast ASGI server."
category = "main"
optional = false
python-versions = ">=3.7"

[package.dependencies]
click = ">=7.0"
h11 = ">=0.8"

[package.extras]
standard = ["colorama (>=0.4)", "httptools (>=0.5.0)", "python-dotenv (>=0.13)", "pyyaml (>=5.1)", "uvloop (>=0.14.0,!=0.15.0,!=0.15.1)", "watchfiles (>=0.13)", "websockets (>=10.0)"]

[metadata]
lock-version = "1.1"
python-versions = "^3.9"
content-hash = "33d30505920c73ef9ed90ea68a6096413677ebb88e245c546374d7c9a4204171"

[metadata.files]
anyio = [
    {file = "anyio-3.6.2-py3-none-any.whl", hash = "sha256:fbbe32bd270d2a2ef3ed1c5d45041250284e31fc0a4df4a5a6071842051a51e3"},
    {file = "anyio-3.6.2.tar.gz", hash = "sha256:25ea0d673ae30af41a0c442f81cf3b38c7e79fdc7b60335a4c14e05eb0947421"},
]
black = [
    {file = "black-22.10.0-1fixedarch-cp310-cp310-macosx_11_0_x86_64.whl", hash = "sha256:5cc42ca67989e9c3cf859e84c2bf014f6633db63d1cbdf8fdb666dcd9e77e3fa"},
    {file = "black-22.10.0-1fixedarch-cp311-cp311-macosx_11_0_x86_64.whl", hash = "sha256:5d8f74030e67087b219b032aa33a919fae8806d49c867846bfacde57f43972ef"},
    {file = "black-22.10.0-1fixedarch-cp37-cp37m-macosx_10_16_x86_64.whl", hash = "sha256:197df8509263b0b8614e1df1756b1dd41be6738eed2ba9e9769f3880c2b9d7b6"},
    {file = "black-22.10.0-1fixedarch-cp38-cp38-macosx_10_16_x86_64.whl", hash = "sha256:2644b5d63633702bc2c5f3754b1b475378fbbfb481f62319388235d0cd104c2d"},
    {file = "black-22.10.0-1fixedarch-cp39-cp39-macosx_11_0_x86_64.whl", hash = "sha256:e41a86c6c650bcecc6633ee3180d80a025db041a8e2398dcc059b3afa8382cd4"},
    {file = "black-22.10.0-cp310-cp310-macosx_11_0_arm64.whl", hash = "sha256:2039230db3c6c639bd84efe3292ec7b06e9214a2992cd9beb293d639c6402edb"},
    {file = "black-22.10.0-cp310-cp310-manylinux_2_17_x86_64.manylinux2014_x86_64.whl", hash = "sha256:14ff67aec0a47c424bc99b71005202045dc09270da44a27848d534600ac64fc7"},
    {file = "black-22.10.0-cp310-cp310-win_amd64.whl", hash = "sha256:819dc789f4498ecc91438a7de64427c73b45035e2e3680c92e18795a839ebb66"},
    {file = "black-22.10.0-cp311-cp311-macosx_11_0_arm64.whl", hash = "sha256:5b9b29da4f564ba8787c119f37d174f2b69cdfdf9015b7d8c5c16121ddc054ae"},
    {file = "black-22.10.0-cp311-cp311-manylinux_2_17_x86_64.manylinux2014_x86_64.whl", hash = "sha256:b8b49776299fece66bffaafe357d929ca9451450f5466e997a7285ab0fe28e3b"},
    {file = "black-22.10.0-cp311-cp311-win_amd64.whl", hash = "sha256:21199526696b8f09c3997e2b4db8d0b108d801a348414264d2eb8eb2532e540d"},
    {file = "black-22.10.0-cp37-cp37m-manylinux_2_17_x86_64.manylinux2014_x86_64.whl", hash = "sha256:1e464456d24e23d11fced2bc8c47ef66d471f845c7b7a42f3bd77bf3d1789650"},
    {file = "black-22.10.0-cp37-cp37m-win_amd64.whl", hash = "sha256:9311e99228ae10023300ecac05be5a296f60d2fd10fff31cf5c1fa4ca4b1988d"},
    {file = "black-22.10.0-cp38-cp38-macosx_11_0_arm64.whl", hash = "sha256:fba8a281e570adafb79f7755ac8721b6cf1bbf691186a287e990c7929c7692ff"},
    {file = "black-22.10.0-cp38-cp38-manylinux_2_17_x86_64.manylinux2014_x86_64.whl", hash = "sha256:915ace4ff03fdfff953962fa672d44be269deb2eaf88499a0f8805221bc68c87"},
    {file = "black-22.10.0-cp38-cp38-win_amd64.whl", hash = "sha256:444ebfb4e441254e87bad00c661fe32df9969b2bf224373a448d8aca2132b395"},
    {file = "black-22.10.0-cp39-cp39-macosx_11_0_arm64.whl", hash = "sha256:974308c58d057a651d182208a484ce80a26dac0caef2895836a92dd6ebd725e0"},
    {file = "black-22.10.0-cp39-cp39-manylinux_2_17_x86_64.manylinux2014_x86_64.whl", hash = "sha256:72ef3925f30e12a184889aac03d77d031056860ccae8a1e519f6cbb742736383"},
    {file = "black-22.10.0-cp39-cp39-win_amd64.whl", hash = "sha256:432247333090c8c5366e69627ccb363bc58514ae3e63f7fc75c54b1ea80fa7de"},
    {file = "black-22.10.0-py3-none-any.whl", hash = "sha256:c957b2b4ea88587b46cf49d1dc17681c1e672864fd7af32fc1e9664d572b3458"},
    {file = "black-22.10.0.tar.gz", hash = "sha256:f513588da599943e0cde4e32cc9879e825d58720d6557062d1098c5ad80080e1"},
]
click = [
    {file = "click-8.1.3-py3-none-any.whl", hash = "sha256:bb4d8133cb15a609f44e8213d9b391b0809795062913b383c62be0ee95b1db48"},
    {file = "click-8.1.3.tar.gz", hash = "sha256:7682dc8afb30297001674575ea00d1814d808d6a36af415a82bd481d37ba7b8e"},
]
clickhouse-driver = [
    {file = "clickhouse-driver-0.2.4.tar.gz", hash = "sha256:bbbc4180bc645d5810c7253e2b59c9381953f8b9bbbac34f0c06103d7c0c56dc"},
    {file = "clickhouse_driver-0.2.4-cp310-cp310-macosx_10_9_x86_64.whl", hash = "sha256:6684e17155c87997908effafa41225cd13d75118c6fc50eb4a16cb2253b6ac23"},
    {file = "clickhouse_driver-0.2.4-cp310-cp310-manylinux_2_17_aarch64.manylinux2014_aarch64.whl", hash = "sha256:570d3fd5b84bff6da810064453a6393f936888b12be3b622ae0aca855e40a2ce"},
    {file = "clickhouse_driver-0.2.4-cp310-cp310-manylinux_2_17_ppc64le.manylinux2014_ppc64le.whl", hash = "sha256:285b5f384473079cb5834f5e61edca2f29e296a38b33b187ef97f7bab89d1829"},
    {file = "clickhouse_driver-0.2.4-cp310-cp310-manylinux_2_17_s390x.manylinux2014_s390x.whl", hash = "sha256:4fd981c6b6063bf60772ddaf55d93d971c51ef3a53eb54de3a43277d55d3bb16"},
    {file = "clickhouse_driver-0.2.4-cp310-cp310-manylinux_2_5_i686.manylinux1_i686.manylinux_2_12_i686.manylinux2010_i686.whl", hash = "sha256:693e9272290d27a483bace42e389bf51dcb8417e92654651c27fbe082e94ef62"},
    {file = "clickhouse_driver-0.2.4-cp310-cp310-manylinux_2_5_x86_64.manylinux1_x86_64.manylinux_2_12_x86_64.manylinux2010_x86_64.whl", hash = "sha256:fedb777dcb220189bfcb206889dd1c8541083018340efa258d852310823ad658"},
    {file = "clickhouse_driver-0.2.4-cp310-cp310-musllinux_1_1_aarch64.whl", hash = "sha256:d023f9466224025477d9bf623f8425d40a982c5a1d917b4b4fbbb1ce178d389b"},
    {file = "clickhouse_driver-0.2.4-cp310-cp310-musllinux_1_1_i686.whl", hash = "sha256:c3b437033463b26e37b1edcda677ed98fb82e6e997c13982c91fb79c770d8faa"},
    {file = "clickhouse_driver-0.2.4-cp310-cp310-musllinux_1_1_ppc64le.whl", hash = "sha256:671410847e68423b8bfecbecd4e640e115b40bc376300a8c764d7230a69b2c1a"},
    {file = "clickhouse_driver-0.2.4-cp310-cp310-musllinux_1_1_s390x.whl", hash = "sha256:9bf27b90b9e07181472fbd246a4adc9601028f9d07cea715885dcdc5c2915991"},
    {file = "clickhouse_driver-0.2.4-cp310-cp310-musllinux_1_1_x86_64.whl", hash = "sha256:8c776ab9592d456351ba2c4b05a8149761f36991033257d9c31ef6d26952dbe7"},
    {file = "clickhouse_driver-0.2.4-cp310-cp310-win32.whl", hash = "sha256:bb1423d6daa8736aade0f7d31870c28ab2e7553a21cf923af6f1ff4a219c0ac9"},
    {file = "clickhouse_driver-0.2.4-cp310-cp310-win_amd64.whl", hash = "sha256:3955616073d030dc8cc7b0ef68ffe045510334137c1b5d11447347352d0dec28"},
    {file = "clickhouse_driver-0.2.4-cp311-cp311-macosx_10_9_x86_64.whl", hash = "sha256:cd217a28e3821cbba49fc0ea87e0e6dde799e62af327d1f9c5f9480abd71e17c"},
    {file = "clickhouse_driver-0.2.4-cp311-cp311-manylinux_2_17_aarch64.manylinux2014_aarch64.whl", hash = "sha256:6f4863a8eb369a36266f372e9eacc3fe222e4d31e1b2a7a2da759b521fffad1c"},
    {file = "clickhouse_driver-0.2.4-cp311-cp311-manylinux_2_17_ppc64le.manylinux2014_ppc64le.whl", hash = "sha256:c87ce674ebb2f5e38b68c36464538fffdea4f5432bb136cb6980489ae3c6dbe9"},
    {file = "clickhouse_driver-0.2.4-cp311-cp311-manylinux_2_17_s390x.manylinux2014_s390x.whl", hash = "sha256:383690650fccaffa7f0e56d6fb0b00b9227b408fb3d92291a1f1ed66ce83df7c"},
    {file = "clickhouse_driver-0.2.4-cp311-cp311-manylinux_2_17_x86_64.manylinux2014_x86_64.whl", hash = "sha256:9a68ac4633fd4cf265e619adeec1c0ee67ff1d9b5373c140b8400adcc4831c19"},
    {file = "clickhouse_driver-0.2.4-cp311-cp311-manylinux_2_5_i686.manylinux1_i686.manylinux_2_17_i686.manylinux2014_i686.whl", hash = "sha256:5551056e5ab9e1dac67abbdf202b6e67590aa79a013a9da8ecbaec828e0790fe"},
    {file = "clickhouse_driver-0.2.4-cp311-cp311-musllinux_1_1_aarch64.whl", hash = "sha256:93b601573779c5e8c2344cd983ef87de0fc8a31392bdc8571e79ed318f30dbbb"},
    {file = "clickhouse_driver-0.2.4-cp311-cp311-musllinux_1_1_i686.whl", hash = "sha256:f228edc258f9ef6ee29b5618832b38479a0cfaa5bb837150ba62bbc1357a58cd"},
    {file = "clickhouse_driver-0.2.4-cp311-cp311-musllinux_1_1_ppc64le.whl", hash = "sha256:4b39c0f962a3664a72e0bfaa30929d0317b5e3427ff8b36d7889f8d31f4ff89e"},
    {file = "clickhouse_driver-0.2.4-cp311-cp311-musllinux_1_1_s390x.whl", hash = "sha256:47465598241cdf0b3a7810667c6104ada7b992a797768883ce30635a213568c3"},
    {file = "clickhouse_driver-0.2.4-cp311-cp311-musllinux_1_1_x86_64.whl", hash = "sha256:e9f31e7ccfd5cf526fd9db50ade94504007992922c8e556ba54e8ba637e9cca0"},
    {file = "clickhouse_driver-0.2.4-cp311-cp311-win32.whl", hash = "sha256:da0bcd41aeb50ec4316808c11d591aef60fe1b9de997df10ffcad9ab3cb0efa2"},
    {file = "clickhouse_driver-0.2.4-cp311-cp311-win_amd64.whl", hash = "sha256:bb64ad0dfcc5ee158b01411e7a828bb3b20e4a2bc2f99da219acff0a9d18808c"},
    {file = "clickhouse_driver-0.2.4-cp36-cp36m-macosx_10_9_x86_64.whl", hash = "sha256:b746e83652fbb89cb907adfdd69d6a7c7019bb5bbbdf68454bdcd16b09959a00"},
    {file = "clickhouse_driver-0.2.4-cp36-cp36m-manylinux_2_17_aarch64.manylinux2014_aarch64.whl", hash = "sha256:4b9cf37f0b7165619d2e0188a71018300ed1a937ca518b01a5d168aec0a09add"},
    {file = "clickhouse_driver-0.2.4-cp36-cp36m-manylinux_2_17_ppc64le.manylinux2014_ppc64le.whl", hash = "sha256:be4da882979c5a6d5631b5db6acb6407d76c73be6635ab0a76378b98aac8e5ab"},
    {file = "clickhouse_driver-0.2.4-cp36-cp36m-manylinux_2_17_s390x.manylinux2014_s390x.whl", hash = "sha256:9b61a2b479169b29724a53af8d85f7802f78cf69534f299ebb5e73e217251953"},
    {file = "clickhouse_driver-0.2.4-cp36-cp36m-manylinux_2_5_i686.manylinux1_i686.manylinux_2_12_i686.manylinux2010_i686.whl", hash = "sha256:a6e03bdbc96f6914fc96fa99d49e02c600f06ada0fa24bd124e8722603beb4a5"},
    {file = "clickhouse_driver-0.2.4-cp36-cp36m-manylinux_2_5_x86_64.manylinux1_x86_64.manylinux_2_12_x86_64.manylinux2010_x86_64.whl", hash = "sha256:f14b6672e0518f94def57674e327193a46fd67ea71f8b29b096cb75c5e10ab5a"},
    {file = "clickhouse_driver-0.2.4-cp36-cp36m-musllinux_1_1_aarch64.whl", hash = "sha256:2d42512e8eec5c8ce06d35310a3209904ff42994eed253b2e0692af39f877e60"},
    {file = "clickhouse_driver-0.2.4-cp36-cp36m-musllinux_1_1_i686.whl", hash = "sha256:58734901beee7756a1d2c046316d38907e6580cfc79013c1a8a4ea492e86dc8b"},
    {file = "clickhouse_driver-0.2.4-cp36-cp36m-musllinux_1_1_ppc64le.whl", hash = "sha256:0cf817a3cf1dd655274be90079a88546196ae210cb15e4e43939c4c2d022d6fe"},
    {file = "clickhouse_driver-0.2.4-cp36-cp36m-musllinux_1_1_s390x.whl", hash = "sha256:3ee4d49bd701050cc84463673e0447bb2b92a7d681157b9e0f409eafa68947e8"},
    {file = "clickhouse_driver-0.2.4-cp36-cp36m-musllinux_1_1_x86_64.whl", hash = "sha256:27e1c594df84892d5fa7dc0e681a53877a6e699a55657eac9c0a5a56250b7c15"},
    {file = "clickhouse_driver-0.2.4-cp36-cp36m-win32.whl", hash = "sha256:ad6a3525c66ebf86511a75a09d53ab96a5c6d9edafe220dad0451d26f17fc16d"},
    {file = "clickhouse_driver-0.2.4-cp36-cp36m-win_amd64.whl", hash = "sha256:fa5bd43fb5679d6e3ec4ee8b0969141ad55e2deb3704b0ec777f4b37464239fe"},
    {file = "clickhouse_driver-0.2.4-cp37-cp37m-macosx_10_9_x86_64.whl", hash = "sha256:2dd5ae6fb18eec063c7b65048ca640a1de21232d4d563f2eb57690db081f20bb"},
    {file = "clickhouse_driver-0.2.4-cp37-cp37m-manylinux_2_17_aarch64.manylinux2014_aarch64.whl", hash = "sha256:16f5e82fdc77a7d3a20820e378de28d74af1bd7dbcf08740ddd231507c70118e"},
    {file = "clickhouse_driver-0.2.4-cp37-cp37m-manylinux_2_17_ppc64le.manylinux2014_ppc64le.whl", hash = "sha256:93d5efab32b1fc2a89e9e9a21cdfba3b721dc5a83295d65fc528345e8c28a5bf"},
    {file = "clickhouse_driver-0.2.4-cp37-cp37m-manylinux_2_17_s390x.manylinux2014_s390x.whl", hash = "sha256:8743494cf76e44662656915a66c8a06ac6323f8cc2cd4de7e2418119d200212a"},
    {file = "clickhouse_driver-0.2.4-cp37-cp37m-manylinux_2_5_i686.manylinux1_i686.manylinux_2_12_i686.manylinux2010_i686.whl", hash = "sha256:8e8c9dae6bafb70dbbe9d5dafaa973b9bbbd7402e051b7190df9783f837cb68a"},
    {file = "clickhouse_driver-0.2.4-cp37-cp37m-manylinux_2_5_x86_64.manylinux1_x86_64.manylinux_2_12_x86_64.manylinux2010_x86_64.whl", hash = "sha256:5dc7e53cb26dfce7f3c98dbd21b735e882e050da687697e382170873991fd9c9"},
    {file = "clickhouse_driver-0.2.4-cp37-cp37m-musllinux_1_1_aarch64.whl", hash = "sha256:613aa3cd1a44a380edaad1e2837bc39fe64e5b4ed13710d073f63323d3a518c1"},
    {file = "clickhouse_driver-0.2.4-cp37-cp37m-musllinux_1_1_i686.whl", hash = "sha256:960ff6df35206f4aa80d968798fa4f7bfcbca3365e94704c55b6f05e376df76e"},
    {file = "clickhouse_driver-0.2.4-cp37-cp37m-musllinux_1_1_ppc64le.whl", hash = "sha256:71a9a157077f78b80218f77a7fbc52ea649281d283639048bc11cddf9a140530"},
    {file = "clickhouse_driver-0.2.4-cp37-cp37m-musllinux_1_1_s390x.whl", hash = "sha256:2e7bef7b57f0c67fb8e5cb3575dbcf57145acfc08c1ef62020fda553e193cf7a"},
    {file = "clickhouse_driver-0.2.4-cp37-cp37m-musllinux_1_1_x86_64.whl", hash = "sha256:1f67e66b84c2ed8e62d083329874c2166bb02e540fc4db189daee61da749cc94"},
    {file = "clickhouse_driver-0.2.4-cp37-cp37m-win32.whl", hash = "sha256:cb4f6060803c2a00431ba9ccfa5eb9437caf2ff4443898608d5e7065a16da73e"},
    {file = "clickhouse_driver-0.2.4-cp37-cp37m-win_amd64.whl", hash = "sha256:a59263b35db2280f8b4f1555f56ed0b36c92666753c06ed45f2a87b86196e5f2"},
    {file = "clickhouse_driver-0.2.4-cp38-cp38-macosx_10_9_x86_64.whl", hash = "sha256:3f31cbf5c91da748182f87a51a47ddcc771aca5b85d69d9810d216a03589feeb"},
    {file = "clickhouse_driver-0.2.4-cp38-cp38-manylinux_2_17_aarch64.manylinux2014_aarch64.whl", hash = "sha256:b2c2086fe48456c3676e2163b6782bb2f4f883e8647960dbe5c8556a6744c7b4"},
    {file = "clickhouse_driver-0.2.4-cp38-cp38-manylinux_2_17_ppc64le.manylinux2014_ppc64le.whl", hash = "sha256:4a41012b2d5e3cb2963ec141fc5b08939d1f2aa881174b36eaefde8f8e70a42a"},
    {file = "clickhouse_driver-0.2.4-cp38-cp38-manylinux_2_17_s390x.manylinux2014_s390x.whl", hash = "sha256:a44e81888a70ac4b782a14aecfcadfae469513747e6beb0d8c0b59f6499156fb"},
    {file = "clickhouse_driver-0.2.4-cp38-cp38-manylinux_2_5_i686.manylinux1_i686.manylinux_2_12_i686.manylinux2010_i686.whl", hash = "sha256:158f0f8b0efa47a3f8ec49c2455da3e8e48e3adb998a4fc18407317790d40170"},
    {file = "clickhouse_driver-0.2.4-cp38-cp38-manylinux_2_5_x86_64.manylinux1_x86_64.manylinux_2_12_x86_64.manylinux2010_x86_64.whl", hash = "sha256:1f8dfb26f7bffbef4a1e586797b66648636649be62b0da19a3852d75c3739e81"},
    {file = "clickhouse_driver-0.2.4-cp38-cp38-musllinux_1_1_aarch64.whl", hash = "sha256:5d8a39773116413fd95be8688fde2ab0aa8f997464c97e2efe31c5e1a92dc981"},
    {file = "clickhouse_driver-0.2.4-cp38-cp38-musllinux_1_1_i686.whl", hash = "sha256:84c4bfb3d10ad24db5b76f67427e9032e53ec55745a40714d34e1f8dee2e23ee"},
    {file = "clickhouse_driver-0.2.4-cp38-cp38-musllinux_1_1_ppc64le.whl", hash = "sha256:ef4c40424a1bb42c5c3108ab3ae0e0937b7093f78e8427bbdfd3a8a1ffa494af"},
    {file = "clickhouse_driver-0.2.4-cp38-cp38-musllinux_1_1_s390x.whl", hash = "sha256:150630df3db658b3d7b8a014ebbec1d9852f0dd702c9bcd5f3999df6c73f9cbc"},
    {file = "clickhouse_driver-0.2.4-cp38-cp38-musllinux_1_1_x86_64.whl", hash = "sha256:b1e00c88f1d930ba2bf0d4d89779b96fc90024e18764d3256a7746b813816dd8"},
    {file = "clickhouse_driver-0.2.4-cp38-cp38-win32.whl", hash = "sha256:4609aa2768ddb5830bd3b8e6de9673bcf91737ca4cae7df08767e786503350b4"},
    {file = "clickhouse_driver-0.2.4-cp38-cp38-win_amd64.whl", hash = "sha256:cc49166e8e0e53b5c31f52523d3fb118d97a5b39dbbdd6871248774dc203d9a2"},
    {file = "clickhouse_driver-0.2.4-cp39-cp39-macosx_10_9_x86_64.whl", hash = "sha256:9d36e844f2191829e6f60194762affb32b458d42361e667156e96ad0a3be70d8"},
    {file = "clickhouse_driver-0.2.4-cp39-cp39-manylinux_2_17_aarch64.manylinux2014_aarch64.whl", hash = "sha256:460edc5f0cbc14bca0223d18a2e8936868cdcdfbd6c8e32b5a0a1553dbf4391f"},
    {file = "clickhouse_driver-0.2.4-cp39-cp39-manylinux_2_17_ppc64le.manylinux2014_ppc64le.whl", hash = "sha256:1e0fe4d16f35c94b425a4e257c15524bc6f8dbcfd4d1fb64e88a1756a52a8887"},
    {file = "clickhouse_driver-0.2.4-cp39-cp39-manylinux_2_17_s390x.manylinux2014_s390x.whl", hash = "sha256:c940983558543d6d31fcced7d0ab136d12d9d94974b1f25019b19a6ea1b4628b"},
    {file = "clickhouse_driver-0.2.4-cp39-cp39-manylinux_2_5_i686.manylinux1_i686.manylinux_2_12_i686.manylinux2010_i686.whl", hash = "sha256:c25b8401183b8aa91def7ddcb5c10ad013abed8384b09c88f8767d8c135cd208"},
    {file = "clickhouse_driver-0.2.4-cp39-cp39-manylinux_2_5_x86_64.manylinux1_x86_64.manylinux_2_12_x86_64.manylinux2010_x86_64.whl", hash = "sha256:6b3c5d8ba709871deecca3ada9241c19e300e3b70f04bd77c6787fcdff2b9c3a"},
    {file = "clickhouse_driver-0.2.4-cp39-cp39-musllinux_1_1_aarch64.whl", hash = "sha256:28d00a84ee82ae4bfc58cf7c3de2bcd4577c023dd5242825b1de6ab274f49b95"},
    {file = "clickhouse_driver-0.2.4-cp39-cp39-musllinux_1_1_i686.whl", hash = "sha256:8ef04d353bb53413649391473d6481bc4ca097e0227c4d2ea5e5f56cfd7490df"},
    {file = "clickhouse_driver-0.2.4-cp39-cp39-musllinux_1_1_ppc64le.whl", hash = "sha256:f6a30ed0eabbde4ac69c61d52fb93640d128cf7ef1e97e6b153d6b941cefd935"},
    {file = "clickhouse_driver-0.2.4-cp39-cp39-musllinux_1_1_s390x.whl", hash = "sha256:341777187e6dcd797329864d73f32df7fd4a4a50fa96b009458d1945bad3770b"},
    {file = "clickhouse_driver-0.2.4-cp39-cp39-musllinux_1_1_x86_64.whl", hash = "sha256:2dec5fd8e235023696e71213a8488ab7a2423d32608f0887ebb25d9b78b5e463"},
    {file = "clickhouse_driver-0.2.4-cp39-cp39-win32.whl", hash = "sha256:ca9556b46d24d638207f69b39be721f6e6310302b0c2f3f2a3b00511b6c52c3a"},
    {file = "clickhouse_driver-0.2.4-cp39-cp39-win_amd64.whl", hash = "sha256:8b8e1579110f4464277ff1f97b3cb1d4c47441e889e0c95802d4bcbb7b6cbef9"},
    {file = "clickhouse_driver-0.2.4-pp37-pypy37_pp73-macosx_10_9_x86_64.whl", hash = "sha256:48756214408f397da7c74ca4833b9ab9a729d7a2f7c840bb3d03fd36276c0ed3"},
    {file = "clickhouse_driver-0.2.4-pp37-pypy37_pp73-manylinux_2_17_aarch64.manylinux2014_aarch64.whl", hash = "sha256:1f4e6ec5400ed8e2a272adc81405b1c0476d671766c436c0dec3946652cdb6bd"},
    {file = "clickhouse_driver-0.2.4-pp37-pypy37_pp73-manylinux_2_5_i686.manylinux1_i686.manylinux_2_12_i686.manylinux2010_i686.whl", hash = "sha256:003241225edb92ca23d0741a85cbee322220fe7adfad7d4106954eb5b1428afe"},
    {file = "clickhouse_driver-0.2.4-pp37-pypy37_pp73-manylinux_2_5_x86_64.manylinux1_x86_64.manylinux_2_12_x86_64.manylinux2010_x86_64.whl", hash = "sha256:37f93643b529c33d71c6c3ab4a9b4a52f2bec566db92425a80cd1698cd47604a"},
    {file = "clickhouse_driver-0.2.4-pp37-pypy37_pp73-win_amd64.whl", hash = "sha256:821c7efff84fda8b68680140e07241991ab27296dc62213eb788efef4470fdd5"},
]
colorama = [
    {file = "colorama-0.4.6-py2.py3-none-any.whl", hash = "sha256:4f1d9991f5acc0ca119f9d443620b77f9d6b33703e51011c16baf57afb285fc6"},
    {file = "colorama-0.4.6.tar.gz", hash = "sha256:08695f5cb7ed6e0531a20572697297273c47b8cae5a63ffc6d6ed5c201be6e44"},
]
fastapi = [
    {file = "fastapi-0.85.1-py3-none-any.whl", hash = "sha256:de3166b6b1163dc22da4dc4ebdc3192fcbac7700dd1870a1afa44de636a636b5"},
    {file = "fastapi-0.85.1.tar.gz", hash = "sha256:1facd097189682a4ff11cbd01334a992e51b56be663b2bd50c2c09523624f144"},
]
flake8 = [
    {file = "flake8-5.0.4-py2.py3-none-any.whl", hash = "sha256:7a1cf6b73744f5806ab95e526f6f0d8c01c66d7bbe349562d22dfca20610b248"},
    {file = "flake8-5.0.4.tar.gz", hash = "sha256:6fbe320aad8d6b95cec8b8e47bc933004678dc63095be98528b7bdd2a9f510db"},
]
gunicorn = [
    {file = "gunicorn-20.1.0-py3-none-any.whl", hash = "sha256:9dcc4547dbb1cb284accfb15ab5667a0e5d1881cc443e0677b4882a4067a807e"},
    {file = "gunicorn-20.1.0.tar.gz", hash = "sha256:e0a968b5ba15f8a328fdfd7ab1fcb5af4470c28aaf7e55df02a99bc13138e6e8"},
]
h11 = [
    {file = "h11-0.14.0-py3-none-any.whl", hash = "sha256:e3fe4ac4b851c468cc8363d500db52c2ead036020723024a109d37346efaa761"},
    {file = "h11-0.14.0.tar.gz", hash = "sha256:8f19fbbe99e72420ff35c00b27a34cb9937e902a8b810e2c88300c6f0a3b699d"},
]
idna = [
    {file = "idna-3.4-py3-none-any.whl", hash = "sha256:90b77e79eaa3eba6de819a0c442c0b4ceefc341a7a2ab77d7562bf49f425c5c2"},
    {file = "idna-3.4.tar.gz", hash = "sha256:814f528e8dead7d329833b91c5faa87d60bf71824cd12a7530b5526063d02cb4"},
]
kafka-python = [
    {file = "kafka-python-2.0.2.tar.gz", hash = "sha256:04dfe7fea2b63726cd6f3e79a2d86e709d608d74406638c5da33a01d45a9d7e3"},
    {file = "kafka_python-2.0.2-py2.py3-none-any.whl", hash = "sha256:2d92418c7cb1c298fa6c7f0fb3519b520d0d7526ac6cb7ae2a4fc65a51a94b6e"},
]
mccabe = [
    {file = "mccabe-0.7.0-py2.py3-none-any.whl", hash = "sha256:6c2d30ab6be0e4a46919781807b4f0d834ebdd6c6e3dca0bda5a15f863427b6e"},
    {file = "mccabe-0.7.0.tar.gz", hash = "sha256:348e0240c33b60bbdf4e523192ef919f28cb2c3d7d5c7794f74009290f236325"},
]
mypy-extensions = [
    {file = "mypy_extensions-0.4.3-py2.py3-none-any.whl", hash = "sha256:090fedd75945a69ae91ce1303b5824f428daf5a028d2f6ab8a299250a846f15d"},
    {file = "mypy_extensions-0.4.3.tar.gz", hash = "sha256:2d82818f5bb3e369420cb3c4060a7970edba416647068eb4c5343488a6c604a8"},
]
orjson = [
    {file = "orjson-3.8.1-cp310-cp310-macosx_10_7_x86_64.whl", hash = "sha256:a70aaa2e56356e58c6e1b49f7b7f069df5b15e55db002a74db3ff3f7af67c7ff"},
    {file = "orjson-3.8.1-cp310-cp310-macosx_10_9_x86_64.macosx_11_0_arm64.macosx_10_9_universal2.whl", hash = "sha256:d45db052d01d0ab7579470141d5c3592f4402d43cfacb67f023bc1210a67b7bc"},
    {file = "orjson-3.8.1-cp310-cp310-manylinux_2_17_aarch64.manylinux2014_aarch64.whl", hash = "sha256:e2aae92398c0023ac26a6cd026375f765ef5afe127eccabf563c78af7b572d59"},
    {file = "orjson-3.8.1-cp310-cp310-manylinux_2_17_armv7l.manylinux2014_armv7l.whl", hash = "sha256:0bd5b4e539db8a9635776bdf9a25c3db84e37165e65d45c8ca90437adc46d6d8"},
    {file = "orjson-3.8.1-cp310-cp310-manylinux_2_17_x86_64.manylinux2014_x86_64.whl", hash = "sha256:21efb87b168066201a120b0f54a2381f6f51ff3727e07b3908993732412b314a"},
    {file = "orjson-3.8.1-cp310-cp310-manylinux_2_28_aarch64.whl", hash = "sha256:e073338e422f518c1d4d80efc713cd17f3ed6d37c8c7459af04a95459f3206d1"},
    {file = "orjson-3.8.1-cp310-cp310-manylinux_2_28_x86_64.whl", hash = "sha256:8f672f3987f6424f60ab2e86ea7ed76dd2806b8e9b506a373fc8499aed85ddb5"},
    {file = "orjson-3.8.1-cp310-cp310-musllinux_1_1_aarch64.whl", hash = "sha256:231c30958ed99c23128a21993c5ac0a70e1e568e6a898a47f70d5d37461ca47c"},
    {file = "orjson-3.8.1-cp310-cp310-musllinux_1_1_x86_64.whl", hash = "sha256:59b4baf71c9f39125d7e535974b146cc180926462969f6d8821b4c5e975e11b3"},
    {file = "orjson-3.8.1-cp310-none-win_amd64.whl", hash = "sha256:fe25f50dc3d45364428baa0dbe3f613a5171c64eb0286eb775136b74e61ba58a"},
    {file = "orjson-3.8.1-cp311-cp311-macosx_10_7_x86_64.whl", hash = "sha256:6802edf98f6918e89df355f56be6e7db369b31eed64ff2496324febb8b0aa43b"},
    {file = "orjson-3.8.1-cp311-cp311-macosx_10_9_x86_64.macosx_11_0_arm64.macosx_10_9_universal2.whl", hash = "sha256:a4244f4199a160717f0027e434abb886e322093ceadb2f790ff0c73ed3e17662"},
    {file = "orjson-3.8.1-cp311-cp311-manylinux_2_17_aarch64.manylinux2014_aarch64.whl", hash = "sha256:6956cf7a1ac97523e96f75b11534ff851df99a6474a561ad836b6e82004acbb8"},
    {file = "orjson-3.8.1-cp311-cp311-manylinux_2_17_armv7l.manylinux2014_armv7l.whl", hash = "sha256:0b4e3857dd2416b479f700e9bdf4fcec8c690d2716622397d2b7e848f9833e50"},
    {file = "orjson-3.8.1-cp311-cp311-manylinux_2_17_x86_64.manylinux2014_x86_64.whl", hash = "sha256:f8873e490dea0f9cd975d66f84618b6fb57b1ba45ecb218313707a71173d764f"},
    {file = "orjson-3.8.1-cp311-cp311-manylinux_2_28_aarch64.whl", hash = "sha256:124207d2cd04e845eaf2a6171933cde40aebcb8c2d7d3b081e01be066d3014b6"},
    {file = "orjson-3.8.1-cp311-cp311-manylinux_2_28_x86_64.whl", hash = "sha256:d8ed77098c2e22181fce971f49a34204c38b79ca91c01d515d07015339ae8165"},
    {file = "orjson-3.8.1-cp311-none-win_amd64.whl", hash = "sha256:8623ac25fa0850a44ac845e9333c4da9ae5707b7cec8ac87cbe9d4e41137180f"},
    {file = "orjson-3.8.1-cp37-cp37m-macosx_10_7_x86_64.whl", hash = "sha256:d67a0bd0283a3b17ac43c5ab8e4a7e9d3aa758d6ec5d51c232343c408825a5ad"},
    {file = "orjson-3.8.1-cp37-cp37m-macosx_10_9_x86_64.macosx_11_0_arm64.macosx_10_9_universal2.whl", hash = "sha256:d89ef8a4444d83e0a5171d14f2ab4895936ab1773165b020f97d29cf289a2d88"},
    {file = "orjson-3.8.1-cp37-cp37m-manylinux_2_17_aarch64.manylinux2014_aarch64.whl", hash = "sha256:97839a6abbebb06099294e6057d5b3061721ada08b76ae792e7041b6cb54c97f"},
    {file = "orjson-3.8.1-cp37-cp37m-manylinux_2_17_armv7l.manylinux2014_armv7l.whl", hash = "sha256:6071bcf51f0ae4d53b9d3e9164f7138164df4291c484a7b14562075aaa7a2b7b"},
    {file = "orjson-3.8.1-cp37-cp37m-manylinux_2_17_x86_64.manylinux2014_x86_64.whl", hash = "sha256:c15e7d691cee75b5192fc1fa8487bf541d463246dc25c926b9b40f5b6ab56770"},
    {file = "orjson-3.8.1-cp37-cp37m-manylinux_2_28_x86_64.whl", hash = "sha256:3fd5472020042482d7da4c26a0ee65dbd931f691e1c838c6cf4232823179ecc1"},
    {file = "orjson-3.8.1-cp37-cp37m-musllinux_1_1_aarch64.whl", hash = "sha256:e399ed1b0d6f8089b9b6ff2cb3e71ba63a56d8ea88e1d95467949795cc74adfd"},
    {file = "orjson-3.8.1-cp37-cp37m-musllinux_1_1_x86_64.whl", hash = "sha256:5e3db6496463c3000d15b7a712da5a9601c6c43682f23f81862fe1d2a338f295"},
    {file = "orjson-3.8.1-cp37-none-win_amd64.whl", hash = "sha256:0f21eed14697083c01f7e00a87e21056fc8fb5851e8a7bca98345189abcdb4d4"},
    {file = "orjson-3.8.1-cp38-cp38-macosx_10_7_x86_64.whl", hash = "sha256:5a9e324213220578d324e0858baeab47808a13d3c3fbc6ba55a3f4f069d757cf"},
    {file = "orjson-3.8.1-cp38-cp38-macosx_10_9_x86_64.macosx_11_0_arm64.macosx_10_9_universal2.whl", hash = "sha256:69097c50c3ccbcc61292192b045927f1688ca57ce80525dc5d120e0b91e19bb0"},
    {file = "orjson-3.8.1-cp38-cp38-manylinux_2_17_aarch64.manylinux2014_aarch64.whl", hash = "sha256:e7822cba140f7ca48ed0256229f422dbae69e3a3475176185db0c0538cfadb57"},
    {file = "orjson-3.8.1-cp38-cp38-manylinux_2_17_armv7l.manylinux2014_armv7l.whl", hash = "sha256:03389e3750c521a7f3d4837de23cfd21a7f24574b4b3985c9498f440d21adb03"},
    {file = "orjson-3.8.1-cp38-cp38-manylinux_2_17_x86_64.manylinux2014_x86_64.whl", hash = "sha256:b0f9d9b5c6692097de07dd0b2d5ff20fd135bacd1b2fb7ea383ee717a4150c93"},
    {file = "orjson-3.8.1-cp38-cp38-manylinux_2_28_aarch64.whl", hash = "sha256:c2c9ef10b6344465fd5ac002be2d34f818211274dd79b44c75b2c14a979f84f3"},
    {file = "orjson-3.8.1-cp38-cp38-manylinux_2_28_x86_64.whl", hash = "sha256:7adaac93678ac61f5dc070f615b18639d16ee66f6a946d5221dbf315e8b74bec"},
    {file = "orjson-3.8.1-cp38-cp38-musllinux_1_1_aarch64.whl", hash = "sha256:b0c1750f73658906b82cabbf4be2f74300644c17cb037fbc8b48d746c3b90c76"},
    {file = "orjson-3.8.1-cp38-cp38-musllinux_1_1_x86_64.whl", hash = "sha256:da6306e1f03e7085fe0db61d4a3377f70c6fd865118d0afe17f80ae9a8f6f124"},
    {file = "orjson-3.8.1-cp38-none-win_amd64.whl", hash = "sha256:f532c2cbe8c140faffaebcfb34d43c9946599ea8138971f181a399bec7d6b123"},
    {file = "orjson-3.8.1-cp39-cp39-macosx_10_7_x86_64.whl", hash = "sha256:6a7b76d4b44bca418f7797b1e157907b56b7d31caa9091db4e99ebee51c16933"},
    {file = "orjson-3.8.1-cp39-cp39-macosx_10_9_x86_64.macosx_11_0_arm64.macosx_10_9_universal2.whl", hash = "sha256:f850489d89ea12be486492e68f0fd63e402fa28e426d4f0b5fc1eec0595e6109"},
    {file = "orjson-3.8.1-cp39-cp39-manylinux_2_17_aarch64.manylinux2014_aarch64.whl", hash = "sha256:4449e70b98f3ad3e43958360e4be1189c549865c0a128e8629ec96ce92d251c3"},
    {file = "orjson-3.8.1-cp39-cp39-manylinux_2_17_armv7l.manylinux2014_armv7l.whl", hash = "sha256:45357eea9114bd41ef19280066591e9069bb4f6f5bffd533e9bfc12a439d735f"},
    {file = "orjson-3.8.1-cp39-cp39-manylinux_2_17_x86_64.manylinux2014_x86_64.whl", hash = "sha256:4f5a9bc5bc4d730153529cb0584c63ff286d50663ccd48c9435423660b1bb12d"},
    {file = "orjson-3.8.1-cp39-cp39-manylinux_2_28_aarch64.whl", hash = "sha256:a806aca6b80fa1d996aa16593e4995a71126a085ee1a59fff19ccad29a4e47fd"},
    {file = "orjson-3.8.1-cp39-cp39-manylinux_2_28_x86_64.whl", hash = "sha256:395d02fd6be45f960da014372e7ecefc9e5f8df57a0558b7111a5fa8423c0669"},
    {file = "orjson-3.8.1-cp39-cp39-musllinux_1_1_aarch64.whl", hash = "sha256:caff3c1e964cfee044a03a46244ecf6373f3c56142ad16458a1446ac6d69824a"},
    {file = "orjson-3.8.1-cp39-cp39-musllinux_1_1_x86_64.whl", hash = "sha256:5ded261268d5dfd307078fe3370295e5eb15bdde838bbb882acf8538e061c451"},
    {file = "orjson-3.8.1-cp39-none-win_amd64.whl", hash = "sha256:45c1914795ffedb2970bfcd3ed83daf49124c7c37943ed0a7368971c6ea5e278"},
    {file = "orjson-3.8.1.tar.gz", hash = "sha256:07c42de52dfef56cdcaf2278f58e837b26f5b5af5f1fd133a68c4af203851fc7"},
]
pathspec = [
    {file = "pathspec-0.10.1-py3-none-any.whl", hash = "sha256:46846318467efc4556ccfd27816e004270a9eeeeb4d062ce5e6fc7a87c573f93"},
    {file = "pathspec-0.10.1.tar.gz", hash = "sha256:7ace6161b621d31e7902eb6b5ae148d12cfd23f4a249b9ffb6b9fee12084323d"},
]
platformdirs = [
    {file = "platformdirs-2.5.2-py3-none-any.whl", hash = "sha256:027d8e83a2d7de06bbac4e5ef7e023c02b863d7ea5d079477e722bb41ab25788"},
    {file = "platformdirs-2.5.2.tar.gz", hash = "sha256:58c8abb07dcb441e6ee4b11d8df0ac856038f944ab98b7be6b27b2a3c7feef19"},
]
pycodestyle = [
    {file = "pycodestyle-2.9.1-py2.py3-none-any.whl", hash = "sha256:d1735fc58b418fd7c5f658d28d943854f8a849b01a5d0a1e6f3f3fdd0166804b"},
    {file = "pycodestyle-2.9.1.tar.gz", hash = "sha256:2c9607871d58c76354b697b42f5d57e1ada7d261c261efac224b664affdc5785"},
]
pydantic = [
    {file = "pydantic-1.10.2-cp310-cp310-macosx_10_9_x86_64.whl", hash = "sha256:bb6ad4489af1bac6955d38ebcb95079a836af31e4c4f74aba1ca05bb9f6027bd"},
    {file = "pydantic-1.10.2-cp310-cp310-macosx_11_0_arm64.whl", hash = "sha256:a1f5a63a6dfe19d719b1b6e6106561869d2efaca6167f84f5ab9347887d78b98"},
    {file = "pydantic-1.10.2-cp310-cp310-manylinux_2_17_x86_64.manylinux2014_x86_64.whl", hash = "sha256:352aedb1d71b8b0736c6d56ad2bd34c6982720644b0624462059ab29bd6e5912"},
    {file = "pydantic-1.10.2-cp310-cp310-manylinux_2_5_i686.manylinux1_i686.manylinux_2_17_i686.manylinux2014_i686.whl", hash = "sha256:19b3b9ccf97af2b7519c42032441a891a5e05c68368f40865a90eb88833c2559"},
    {file = "pydantic-1.10.2-cp310-cp310-musllinux_1_1_i686.whl", hash = "sha256:e9069e1b01525a96e6ff49e25876d90d5a563bc31c658289a8772ae186552236"},
    {file = "pydantic-1.10.2-cp310-cp310-musllinux_1_1_x86_64.whl", hash = "sha256:355639d9afc76bcb9b0c3000ddcd08472ae75318a6eb67a15866b87e2efa168c"},
    {file = "pydantic-1.10.2-cp310-cp310-win_amd64.whl", hash = "sha256:ae544c47bec47a86bc7d350f965d8b15540e27e5aa4f55170ac6a75e5f73b644"},
    {file = "pydantic-1.10.2-cp311-cp311-macosx_10_9_x86_64.whl", hash = "sha256:a4c805731c33a8db4b6ace45ce440c4ef5336e712508b4d9e1aafa617dc9907f"},
    {file = "pydantic-1.10.2-cp311-cp311-macosx_11_0_arm64.whl", hash = "sha256:d49f3db871575e0426b12e2f32fdb25e579dea16486a26e5a0474af87cb1ab0a"},
    {file = "pydantic-1.10.2-cp311-cp311-manylinux_2_17_x86_64.manylinux2014_x86_64.whl", hash = "sha256:37c90345ec7dd2f1bcef82ce49b6235b40f282b94d3eec47e801baf864d15525"},
    {file = "pydantic-1.10.2-cp311-cp311-manylinux_2_5_i686.manylinux1_i686.manylinux_2_17_i686.manylinux2014_i686.whl", hash = "sha256:7b5ba54d026c2bd2cb769d3468885f23f43710f651688e91f5fb1edcf0ee9283"},
    {file = "pydantic-1.10.2-cp311-cp311-musllinux_1_1_i686.whl", hash = "sha256:05e00dbebbe810b33c7a7362f231893183bcc4251f3f2ff991c31d5c08240c42"},
    {file = "pydantic-1.10.2-cp311-cp311-musllinux_1_1_x86_64.whl", hash = "sha256:2d0567e60eb01bccda3a4df01df677adf6b437958d35c12a3ac3e0f078b0ee52"},
    {file = "pydantic-1.10.2-cp311-cp311-win_amd64.whl", hash = "sha256:c6f981882aea41e021f72779ce2a4e87267458cc4d39ea990729e21ef18f0f8c"},
    {file = "pydantic-1.10.2-cp37-cp37m-macosx_10_9_x86_64.whl", hash = "sha256:c4aac8e7103bf598373208f6299fa9a5cfd1fc571f2d40bf1dd1955a63d6eeb5"},
    {file = "pydantic-1.10.2-cp37-cp37m-manylinux_2_17_x86_64.manylinux2014_x86_64.whl", hash = "sha256:81a7b66c3f499108b448f3f004801fcd7d7165fb4200acb03f1c2402da73ce4c"},
    {file = "pydantic-1.10.2-cp37-cp37m-manylinux_2_5_i686.manylinux1_i686.manylinux_2_17_i686.manylinux2014_i686.whl", hash = "sha256:bedf309630209e78582ffacda64a21f96f3ed2e51fbf3962d4d488e503420254"},
    {file = "pydantic-1.10.2-cp37-cp37m-musllinux_1_1_i686.whl", hash = "sha256:9300fcbebf85f6339a02c6994b2eb3ff1b9c8c14f502058b5bf349d42447dcf5"},
    {file = "pydantic-1.10.2-cp37-cp37m-musllinux_1_1_x86_64.whl", hash = "sha256:216f3bcbf19c726b1cc22b099dd409aa371f55c08800bcea4c44c8f74b73478d"},
    {file = "pydantic-1.10.2-cp37-cp37m-win_amd64.whl", hash = "sha256:dd3f9a40c16daf323cf913593083698caee97df2804aa36c4b3175d5ac1b92a2"},
    {file = "pydantic-1.10.2-cp38-cp38-macosx_10_9_x86_64.whl", hash = "sha256:b97890e56a694486f772d36efd2ba31612739bc6f3caeee50e9e7e3ebd2fdd13"},
    {file = "pydantic-1.10.2-cp38-cp38-macosx_11_0_arm64.whl", hash = "sha256:9cabf4a7f05a776e7793e72793cd92cc865ea0e83a819f9ae4ecccb1b8aa6116"},
    {file = "pydantic-1.10.2-cp38-cp38-manylinux_2_17_x86_64.manylinux2014_x86_64.whl", hash = "sha256:06094d18dd5e6f2bbf93efa54991c3240964bb663b87729ac340eb5014310624"},
    {file = "pydantic-1.10.2-cp38-cp38-manylinux_2_5_i686.manylinux1_i686.manylinux_2_17_i686.manylinux2014_i686.whl", hash = "sha256:cc78cc83110d2f275ec1970e7a831f4e371ee92405332ebfe9860a715f8336e1"},
    {file = "pydantic-1.10.2-cp38-cp38-musllinux_1_1_i686.whl", hash = "sha256:1ee433e274268a4b0c8fde7ad9d58ecba12b069a033ecc4645bb6303c062d2e9"},
    {file = "pydantic-1.10.2-cp38-cp38-musllinux_1_1_x86_64.whl", hash = "sha256:7c2abc4393dea97a4ccbb4ec7d8658d4e22c4765b7b9b9445588f16c71ad9965"},
    {file = "pydantic-1.10.2-cp38-cp38-win_amd64.whl", hash = "sha256:0b959f4d8211fc964772b595ebb25f7652da3f22322c007b6fed26846a40685e"},
    {file = "pydantic-1.10.2-cp39-cp39-macosx_10_9_x86_64.whl", hash = "sha256:c33602f93bfb67779f9c507e4d69451664524389546bacfe1bee13cae6dc7488"},
    {file = "pydantic-1.10.2-cp39-cp39-macosx_11_0_arm64.whl", hash = "sha256:5760e164b807a48a8f25f8aa1a6d857e6ce62e7ec83ea5d5c5a802eac81bad41"},
    {file = "pydantic-1.10.2-cp39-cp39-manylinux_2_17_x86_64.manylinux2014_x86_64.whl", hash = "sha256:6eb843dcc411b6a2237a694f5e1d649fc66c6064d02b204a7e9d194dff81eb4b"},
    {file = "pydantic-1.10.2-cp39-cp39-manylinux_2_5_i686.manylinux1_i686.manylinux_2_17_i686.manylinux2014_i686.whl", hash = "sha256:4b8795290deaae348c4eba0cebb196e1c6b98bdbe7f50b2d0d9a4a99716342fe"},
    {file = "pydantic-1.10.2-cp39-cp39-musllinux_1_1_i686.whl", hash = "sha256:e0bedafe4bc165ad0a56ac0bd7695df25c50f76961da29c050712596cf092d6d"},
    {file = "pydantic-1.10.2-cp39-cp39-musllinux_1_1_x86_64.whl", hash = "sha256:2e05aed07fa02231dbf03d0adb1be1d79cabb09025dd45aa094aa8b4e7b9dcda"},
    {file = "pydantic-1.10.2-cp39-cp39-win_amd64.whl", hash = "sha256:c1ba1afb396148bbc70e9eaa8c06c1716fdddabaf86e7027c5988bae2a829ab6"},
    {file = "pydantic-1.10.2-py3-none-any.whl", hash = "sha256:1b6ee725bd6e83ec78b1aa32c5b1fa67a3a65badddde3976bca5fe4568f27709"},
    {file = "pydantic-1.10.2.tar.gz", hash = "sha256:91b8e218852ef6007c2b98cd861601c6a09f1aa32bbbb74fab5b1c33d4a1e410"},
]
pyflakes = [
    {file = "pyflakes-2.5.0-py2.py3-none-any.whl", hash = "sha256:4579f67d887f804e67edb544428f264b7b24f435b263c4614f384135cea553d2"},
    {file = "pyflakes-2.5.0.tar.gz", hash = "sha256:491feb020dca48ccc562a8c0cbe8df07ee13078df59813b83959cbdada312ea3"},
]
pytz = [
    {file = "pytz-2022.5-py2.py3-none-any.whl", hash = "sha256:335ab46900b1465e714b4fda4963d87363264eb662aab5e65da039c25f1f5b22"},
    {file = "pytz-2022.5.tar.gz", hash = "sha256:c4d88f472f54d615e9cd582a5004d1e5f624854a6a27a6211591c251f22a6914"},
]
pytz-deprecation-shim = [
    {file = "pytz_deprecation_shim-0.1.0.post0-py2.py3-none-any.whl", hash = "sha256:8314c9692a636c8eb3bda879b9f119e350e93223ae83e70e80c31675a0fdc1a6"},
    {file = "pytz_deprecation_shim-0.1.0.post0.tar.gz", hash = "sha256:af097bae1b616dde5c5744441e2ddc69e74dfdcb0c263129610d85b87445a59d"},
]
setuptools = [
    {file = "setuptools-65.5.0-py3-none-any.whl", hash = "sha256:f62ea9da9ed6289bfe868cd6845968a2c854d1427f8548d52cae02a42b4f0356"},
    {file = "setuptools-65.5.0.tar.gz", hash = "sha256:512e5536220e38146176efb833d4a62aa726b7bbff82cfbc8ba9eaa3996e0b17"},
]
sniffio = [
    {file = "sniffio-1.3.0-py3-none-any.whl", hash = "sha256:eecefdce1e5bbfb7ad2eeaabf7c1eeb404d7757c379bd1f7e5cce9d8bf425384"},
    {file = "sniffio-1.3.0.tar.gz", hash = "sha256:e60305c5e5d314f5389259b7f22aaa33d8f7dee49763119234af3755c55b9101"},
]
starlette = [
    {file = "starlette-0.20.4-py3-none-any.whl", hash = "sha256:c0414d5a56297d37f3db96a84034d61ce29889b9eaccf65eb98a0b39441fcaa3"},
    {file = "starlette-0.20.4.tar.gz", hash = "sha256:42fcf3122f998fefce3e2c5ad7e5edbf0f02cf685d646a83a08d404726af5084"},
]
tomli = [
    {file = "tomli-2.0.1-py3-none-any.whl", hash = "sha256:939de3e7a6161af0c887ef91b7d41a53e7c5a1ca976325f429cb46ea9bc30ecc"},
    {file = "tomli-2.0.1.tar.gz", hash = "sha256:de526c12914f0c550d15924c62d72abc48d6fe7364aa87328337a31007fe8a4f"},
]
typing-extensions = [
    {file = "typing_extensions-4.4.0-py3-none-any.whl", hash = "sha256:16fa4864408f655d35ec496218b85f79b3437c829e93320c7c9215ccfd92489e"},
    {file = "typing_extensions-4.4.0.tar.gz", hash = "sha256:1511434bb92bf8dd198c12b1cc812e800d4181cfcb867674e0f8279cc93087aa"},
]
tzdata = [
    {file = "tzdata-2022.5-py2.py3-none-any.whl", hash = "sha256:323161b22b7802fdc78f20ca5f6073639c64f1a7227c40cd3e19fd1d0ce6650a"},
    {file = "tzdata-2022.5.tar.gz", hash = "sha256:e15b2b3005e2546108af42a0eb4ccab4d9e225e2dfbf4f77aad50c70a4b1f3ab"},
]
tzlocal = [
    {file = "tzlocal-4.2-py3-none-any.whl", hash = "sha256:89885494684c929d9191c57aa27502afc87a579be5cdd3225c77c463ea043745"},
    {file = "tzlocal-4.2.tar.gz", hash = "sha256:ee5842fa3a795f023514ac2d801c4a81d1743bbe642e3940143326b3a00addd7"},
]
uvicorn = [
    {file = "uvicorn-0.19.0-py3-none-any.whl", hash = "sha256:cc277f7e73435748e69e075a721841f7c4a95dba06d12a72fe9874acced16f6f"},
    {file = "uvicorn-0.19.0.tar.gz", hash = "sha256:cf538f3018536edb1f4a826311137ab4944ed741d52aeb98846f52215de57f25"},
]
